{
  "projects": [
    {
      "projectId": "seaQhLVS4bbjiGvJJrRwyL",
      "version": "15.0.3",
      "dependencies": {},
      "lang": "js",
      "fileLocks": [
        {
          "assetId": "seaQhLVS4bbjiGvJJrRwyL",
          "type": "projectCss",
          "checksum": "dc88471beadb978e51eb3ceb75d10fdb"
        }
      ]
    },
    {
      "projectId": "seLJdoK9Zso3zm816i88in",
      "version": "latest",
      "dependencies": {
        "seaQhLVS4bbjiGvJJrRwyL": "15.0.3"
      },
      "lang": "js",
      "fileLocks": [
        {
          "type": "globalVariant",
          "assetId": "4Z6HBaI62sIQyl",
          "checksum": "95aebd7b7f6f2f8523c0d87d6e920ff0"
        },
        {
          "assetId": "seLJdoK9Zso3zm816i88in",
          "type": "projectCss",
          "checksum": "a61f2fc930d56903c6daa61ae7baeef5"
        },
        {
          "type": "renderModule",
          "assetId": "1ooh6hpEwwjML",
          "checksum": "36b3bfaee712b3b83d1b597df8b2e95a"
        },
        {
          "type": "cssRules",
          "assetId": "1ooh6hpEwwjML",
          "checksum": "36b3bfaee712b3b83d1b597df8b2e95a"
        },
        {
          "type": "renderModule",
          "assetId": "tu_fVFN1nOYVu",
          "checksum": "7806e99c0f167c67a28b0c60ce0bd21d"
        },
        {
          "type": "cssRules",
          "assetId": "tu_fVFN1nOYVu",
          "checksum": "7806e99c0f167c67a28b0c60ce0bd21d"
        },
        {
          "type": "renderModule",
          "assetId": "5FzlQ3QytBDFL",
          "checksum": "f4aba5c11ef9c693b34625877fb03fc9"
        },
        {
          "type": "cssRules",
          "assetId": "5FzlQ3QytBDFL",
          "checksum": "f4aba5c11ef9c693b34625877fb03fc9"
        },
        {
          "type": "renderModule",
          "assetId": "ACPMvCUlSNbBq",
          "checksum": "4bfdbfbee8ff1da8a505174bc24ce648"
        },
        {
          "type": "cssRules",
          "assetId": "ACPMvCUlSNbBq",
          "checksum": "4bfdbfbee8ff1da8a505174bc24ce648"
        },
        {
          "type": "renderModule",
          "assetId": "_9zOm_jmleMzR",
          "checksum": "f6d1789aabd91e06b8baffc8e7b0467e"
        },
        {
          "type": "cssRules",
          "assetId": "_9zOm_jmleMzR",
          "checksum": "f6d1789aabd91e06b8baffc8e7b0467e"
        },
        {
          "type": "renderModule",
          "assetId": "3oW_nlQD2iuNk",
          "checksum": "6c0ad3e1a80c9646232772ea0d9ab7ad"
        },
        {
          "type": "cssRules",
          "assetId": "3oW_nlQD2iuNk",
          "checksum": "6c0ad3e1a80c9646232772ea0d9ab7ad"
        },
        {
          "type": "renderModule",
          "assetId": "lCm2dSIX9vDwo",
          "checksum": "8fe68c32e379d216d7b4ebff1caec3d6"
        },
        {
          "type": "cssRules",
          "assetId": "lCm2dSIX9vDwo",
          "checksum": "8fe68c32e379d216d7b4ebff1caec3d6"
        },
        {
          "type": "renderModule",
          "assetId": "G2glP2_bRvnza",
          "checksum": "eea32221dd61eab416a96dfb550802f2"
        },
        {
          "type": "cssRules",
          "assetId": "G2glP2_bRvnza",
          "checksum": "eea32221dd61eab416a96dfb550802f2"
        },
        {
          "type": "renderModule",
          "assetId": "qFAwhzWyHIorL",
          "checksum": "2c050f0f4b8efe58bf7d2806ee9246ee"
        },
        {
          "type": "cssRules",
          "assetId": "qFAwhzWyHIorL",
          "checksum": "2c050f0f4b8efe58bf7d2806ee9246ee"
        },
        {
          "type": "renderModule",
          "assetId": "5JvRvPUKWiQDnZ",
          "checksum": "4fa5a64b03787c04303e2bfba0072447"
        },
        {
          "type": "cssRules",
          "assetId": "5JvRvPUKWiQDnZ",
          "checksum": "4fa5a64b03787c04303e2bfba0072447"
        },
        {
          "type": "renderModule",
          "assetId": "_-YnTBhHn-a8eE",
          "checksum": "34a766266f2ce055cbdb03f67b3773f4"
        },
        {
          "type": "cssRules",
          "assetId": "_-YnTBhHn-a8eE",
          "checksum": "34a766266f2ce055cbdb03f67b3773f4"
        },
        {
          "type": "renderModule",
          "assetId": "Ev_f3yufc2Z85Z",
          "checksum": "bb576fdfba7d37bee484100378139d9c"
        },
        {
          "type": "cssRules",
          "assetId": "Ev_f3yufc2Z85Z",
          "checksum": "bb576fdfba7d37bee484100378139d9c"
        },
        {
          "type": "renderModule",
          "assetId": "CAE4Ssxzp-QbsW",
          "checksum": "665f9bb47b933c471daee091f2f8d326"
        },
        {
          "type": "cssRules",
          "assetId": "CAE4Ssxzp-QbsW",
          "checksum": "665f9bb47b933c471daee091f2f8d326"
        },
        {
          "type": "renderModule",
          "assetId": "HGBJDFg0a42IU6",
          "checksum": "d0e531999d7e143d4b38a3d2fbd2de85"
        },
        {
          "type": "cssRules",
          "assetId": "HGBJDFg0a42IU6",
          "checksum": "d0e531999d7e143d4b38a3d2fbd2de85"
        },
        {
          "type": "renderModule",
          "assetId": "R6xzfT6-QSZxqM",
          "checksum": "a169b8dd07e92e18b981d0012216c2f7"
        },
        {
          "type": "cssRules",
          "assetId": "R6xzfT6-QSZxqM",
          "checksum": "a169b8dd07e92e18b981d0012216c2f7"
        },
        {
          "type": "renderModule",
          "assetId": "QTLB5MjVobv2Gk",
          "checksum": "91129dde87533e25cdc6a552d0dd8259"
        },
        {
          "type": "cssRules",
          "assetId": "QTLB5MjVobv2Gk",
          "checksum": "91129dde87533e25cdc6a552d0dd8259"
        },
        {
          "type": "renderModule",
          "assetId": "K2l0BCQ6vNn6cQ",
          "checksum": "20272d38b697ef1ef79c5df1adc8bee1"
        },
        {
          "type": "cssRules",
          "assetId": "K2l0BCQ6vNn6cQ",
          "checksum": "20272d38b697ef1ef79c5df1adc8bee1"
        },
        {
          "type": "icon",
          "assetId": "5bVKBvtTmUJeYZ",
          "checksum": "8989d6862aa83534dfe5b66613700325"
        },
        {
          "type": "icon",
          "assetId": "1Cbym4Ykc9YUh4",
          "checksum": "c71ce6355d0406fe524f652a4f2ceaf0"
        },
        {
          "type": "icon",
          "assetId": "bs_hpTRPt-EwF_",
          "checksum": "16951155525b445c25d03a0dfc0350ff"
        },
        {
          "type": "icon",
          "assetId": "uRxBojWY0GePQB",
          "checksum": "4a36f76e5c513a0afbc25d109d85a6d5"
        },
        {
          "type": "icon",
          "assetId": "wUj56tUN_C2FEd",
          "checksum": "701da7c4a9b66952ea64fdaa4e9a5513"
        },
        {
          "type": "icon",
          "assetId": "2oDsEg-FvmcMya",
          "checksum": "e3bc743dd46b3587231bdeb969b86c55"
        },
        {
          "type": "icon",
          "assetId": "q0I1cgQeuJPUAg",
          "checksum": "e9b6095ecb80b534f2117234476610a4"
        },
        {
          "type": "icon",
          "assetId": "IGMoIDn-ltZuu2",
          "checksum": "37f482af9d0689188d3c787fa4ae08e8"
        },
        {
          "type": "icon",
          "assetId": "lqC-efO1yH_m1v",
          "checksum": "51773ffe30009581d8e1942f5656e96b"
        },
        {
          "type": "icon",
          "assetId": "PRvXnlR9qWZwdK",
          "checksum": "f94c13eee670becde58889643ea3a536"
        },
        {
          "type": "icon",
          "assetId": "pm62k3LiNyAmP7",
          "checksum": "baefe9c623a6b04e0f20bdf4b44084da"
        },
        {
          "type": "icon",
          "assetId": "1Df9SVuZF2wNuk",
          "checksum": "32d0e1d24d4ba3bf32f0436a60b08bc9"
        },
        {
          "type": "icon",
          "assetId": "i2jGrcXzVcDv4B",
          "checksum": "213e0c76f23537d37ffc5d09ea982d0b"
        },
        {
          "type": "icon",
          "assetId": "y4yQyZ28aL-Dzo",
          "checksum": "1a236a1af8d03c4ce864229c61ba20c3"
        },
        {
          "type": "icon",
          "assetId": "OoIsaA4DDjQSre",
          "checksum": "f87f24ec1cb0cb77e24cebfe3d6b35bf"
        },
        {
          "type": "icon",
          "assetId": "B4WVCBCEzOPqfX",
          "checksum": "3f32c5586ff7ed600a2aa6416f2da981"
        },
        {
          "type": "icon",
          "assetId": "fL5WUrm7d2B7HW",
          "checksum": "63136326a69ab3ed16f82668396f4e48"
        },
        {
          "type": "icon",
          "assetId": "1kBQnbA4tVGMgp",
          "checksum": "11ee61576099953640aea2b6b97ae46d"
        },
        {
          "type": "icon",
          "assetId": "PBGhCT7p-eaBJa",
          "checksum": "74611f522f1ee4759ce46289013feb62"
        },
        {
          "type": "image",
          "assetId": "Ui3TBinrsWyDD7",
          "checksum": "8ceab10c56d35c95407a6897d578d9d2"
        },
        {
          "type": "image",
          "assetId": "vkrof_JtgvikXI",
          "checksum": "7bc33f721d330adef37effa58c6ad6cf"
        },
        {
          "type": "image",
          "assetId": "WM1tY9XYZ0BkWD",
          "checksum": "a3936b2528477d70511ae80f8849b6be"
        },
        {
          "type": "image",
          "assetId": "zEG_mzhQcxPee0",
          "checksum": "cf37dbc0d3fed89c00f0b71098c1a497"
        }
      ]
    }
  ],
  "cliVersion": "0.1.152"
}
